
Microsoft Visual Studio Solution File, Format Version 12.00
# Visual Studio Version 17
VisualStudioVersion = 17.11.35222.181
MinimumVisualStudioVersion = 10.0.40219.1
Project("{FAE04EC0-301F-11D3-BF4B-00C04F79EFBC}") = "LegendOfZelda", "LegendOfZelda.csproj", "{EB5E4B44-685B-416C-B254-CBB75F85BCFE}"
EndProject
Global
	GlobalSection(SolutionConfigurationPlatforms) = preSolution
		Debug|Any CPU = Debug|Any CPU
		Release|Any CPU = Release|Any CPU
	EndGlobalSection
	GlobalSection(ProjectConfigurationPlatforms) = postSolution
		{EB5E4B44-685B-416C-B254-CBB75F85BCFE}.Debug|Any CPU.ActiveCfg = Debug|Any CPU
		{EB5E4B44-685B-416C-B254-CBB75F85BCFE}.Debug|Any CPU.Build.0 = Debug|Any CPU
		{EB5E4B44-685B-416C-B254-CBB75F85BCFE}.Release|Any CPU.ActiveCfg = Release|Any CPU
		{EB5E4B44-685B-416C-B254-CBB75F85BCFE}.Release|Any CPU.Build.0 = Release|Any CPU
	EndGlobalSection
	GlobalSection(SolutionProperties) = preSolution
		HideSolutionNode = FALSE
	EndGlobalSection
	GlobalSection(ExtensibilityGlobals) = postSolution
		SolutionGuid = {D1E0161E-BAF6-4AB1-BD52-641D6795A347}
	EndGlobalSection
EndGlobal
